
Microsoft Visual Studio Solution File, Format Version 11.00
# Visual Studio 2010
Project("{8BC9CEB8-8B4A-11D0-8D11-00A0C91BC942}") = "MediaGateWayServer", "MediaGateWayServer\MediaGateWayServer.vcxproj", "{21AF8B45-9569-4424-AF26-3935B7FB3362}"
EndProject
Project("{8BC9CEB8-8B4A-11D0-8D11-00A0C91BC942}") = "VDeviceHKDVR", "VDeviceHKDVR\VDeviceHKDVR.vcxproj", "{A03FF141-D069-4405-B957-1554F9BC6B73}"
EndProject
Project("{8BC9CEB8-8B4A-11D0-8D11-00A0C91BC942}") = "VDeviceDHDVR", "VDeviceDHDVR\VDeviceDHDVR.vcxproj", "{B30FAE0B-2854-48B2-B248-39CC4A6A507F}"
EndProject
Project("{8BC9CEB8-8B4A-11D0-8D11-00A0C91BC942}") = "VDeviceHKNVR", "VDeviceHKNVR\VDeviceHKNVR.vcxproj", "{85E62264-EA58-4FD0-B075-52326C606C50}"
EndProject
Global
	GlobalSection(SolutionConfigurationPlatforms) = preSolution
		debug_shared|Win32 = debug_shared|Win32
		debug_static_md|Win32 = debug_static_md|Win32
		debug_static_mt|Win32 = debug_static_mt|Win32
		Debug|Win32 = Debug|Win32
		release_shared|Win32 = release_shared|Win32
		release_static_md|Win32 = release_static_md|Win32
		release_static_mt|Win32 = release_static_mt|Win32
		Release|Win32 = Release|Win32
	EndGlobalSection
	GlobalSection(ProjectConfigurationPlatforms) = postSolution
		{21AF8B45-9569-4424-AF26-3935B7FB3362}.debug_shared|Win32.ActiveCfg = Debug|Win32
		{21AF8B45-9569-4424-AF26-3935B7FB3362}.debug_shared|Win32.Build.0 = Debug|Win32
		{21AF8B45-9569-4424-AF26-3935B7FB3362}.debug_static_md|Win32.ActiveCfg = Debug|Win32
		{21AF8B45-9569-4424-AF26-3935B7FB3362}.debug_static_md|Win32.Build.0 = Debug|Win32
		{21AF8B45-9569-4424-AF26-3935B7FB3362}.debug_static_mt|Win32.ActiveCfg = Debug|Win32
		{21AF8B45-9569-4424-AF26-3935B7FB3362}.debug_static_mt|Win32.Build.0 = Debug|Win32
		{21AF8B45-9569-4424-AF26-3935B7FB3362}.Debug|Win32.ActiveCfg = Debug|Win32
		{21AF8B45-9569-4424-AF26-3935B7FB3362}.Debug|Win32.Build.0 = Debug|Win32
		{21AF8B45-9569-4424-AF26-3935B7FB3362}.release_shared|Win32.ActiveCfg = Release|Win32
		{21AF8B45-9569-4424-AF26-3935B7FB3362}.release_shared|Win32.Build.0 = Release|Win32
		{21AF8B45-9569-4424-AF26-3935B7FB3362}.release_static_md|Win32.ActiveCfg = Release|Win32
		{21AF8B45-9569-4424-AF26-3935B7FB3362}.release_static_md|Win32.Build.0 = Release|Win32
		{21AF8B45-9569-4424-AF26-3935B7FB3362}.release_static_mt|Win32.ActiveCfg = Release|Win32
		{21AF8B45-9569-4424-AF26-3935B7FB3362}.release_static_mt|Win32.Build.0 = Release|Win32
		{21AF8B45-9569-4424-AF26-3935B7FB3362}.Release|Win32.ActiveCfg = Release|Win32
		{21AF8B45-9569-4424-AF26-3935B7FB3362}.Release|Win32.Build.0 = Release|Win32
		{A03FF141-D069-4405-B957-1554F9BC6B73}.debug_shared|Win32.ActiveCfg = Debug|Win32
		{A03FF141-D069-4405-B957-1554F9BC6B73}.debug_shared|Win32.Build.0 = Debug|Win32
		{A03FF141-D069-4405-B957-1554F9BC6B73}.debug_static_md|Win32.ActiveCfg = Debug|Win32
		{A03FF141-D069-4405-B957-1554F9BC6B73}.debug_static_md|Win32.Build.0 = Debug|Win32
		{A03FF141-D069-4405-B957-1554F9BC6B73}.debug_static_mt|Win32.ActiveCfg = Debug|Win32
		{A03FF141-D069-4405-B957-1554F9BC6B73}.debug_static_mt|Win32.Build.0 = Debug|Win32
		{A03FF141-D069-4405-B957-1554F9BC6B73}.Debug|Win32.ActiveCfg = Debug|Win32
		{A03FF141-D069-4405-B957-1554F9BC6B73}.Debug|Win32.Build.0 = Debug|Win32
		{A03FF141-D069-4405-B957-1554F9BC6B73}.release_shared|Win32.ActiveCfg = Release|Win32
		{A03FF141-D069-4405-B957-1554F9BC6B73}.release_shared|Win32.Build.0 = Release|Win32
		{A03FF141-D069-4405-B957-1554F9BC6B73}.release_static_md|Win32.ActiveCfg = Release|Win32
		{A03FF141-D069-4405-B957-1554F9BC6B73}.release_static_md|Win32.Build.0 = Release|Win32
		{A03FF141-D069-4405-B957-1554F9BC6B73}.release_static_mt|Win32.ActiveCfg = Release|Win32
		{A03FF141-D069-4405-B957-1554F9BC6B73}.release_static_mt|Win32.Build.0 = Release|Win32
		{A03FF141-D069-4405-B957-1554F9BC6B73}.Release|Win32.ActiveCfg = Release|Win32
		{A03FF141-D069-4405-B957-1554F9BC6B73}.Release|Win32.Build.0 = Release|Win32
		{B30FAE0B-2854-48B2-B248-39CC4A6A507F}.debug_shared|Win32.ActiveCfg = Debug|Win32
		{B30FAE0B-2854-48B2-B248-39CC4A6A507F}.debug_shared|Win32.Build.0 = Debug|Win32
		{B30FAE0B-2854-48B2-B248-39CC4A6A507F}.debug_static_md|Win32.ActiveCfg = Debug|Win32
		{B30FAE0B-2854-48B2-B248-39CC4A6A507F}.debug_static_md|Win32.Build.0 = Debug|Win32
		{B30FAE0B-2854-48B2-B248-39CC4A6A507F}.debug_static_mt|Win32.ActiveCfg = Debug|Win32
		{B30FAE0B-2854-48B2-B248-39CC4A6A507F}.debug_static_mt|Win32.Build.0 = Debug|Win32
		{B30FAE0B-2854-48B2-B248-39CC4A6A507F}.Debug|Win32.ActiveCfg = Debug|Win32
		{B30FAE0B-2854-48B2-B248-39CC4A6A507F}.Debug|Win32.Build.0 = Debug|Win32
		{B30FAE0B-2854-48B2-B248-39CC4A6A507F}.release_shared|Win32.ActiveCfg = Release|Win32
		{B30FAE0B-2854-48B2-B248-39CC4A6A507F}.release_shared|Win32.Build.0 = Release|Win32
		{B30FAE0B-2854-48B2-B248-39CC4A6A507F}.release_static_md|Win32.ActiveCfg = Release|Win32
		{B30FAE0B-2854-48B2-B248-39CC4A6A507F}.release_static_md|Win32.Build.0 = Release|Win32
		{B30FAE0B-2854-48B2-B248-39CC4A6A507F}.release_static_mt|Win32.ActiveCfg = Release|Win32
		{B30FAE0B-2854-48B2-B248-39CC4A6A507F}.release_static_mt|Win32.Build.0 = Release|Win32
		{B30FAE0B-2854-48B2-B248-39CC4A6A507F}.Release|Win32.ActiveCfg = Release|Win32
		{B30FAE0B-2854-48B2-B248-39CC4A6A507F}.Release|Win32.Build.0 = Release|Win32
		{85E62264-EA58-4FD0-B075-52326C606C50}.debug_shared|Win32.ActiveCfg = Debug|Win32
		{85E62264-EA58-4FD0-B075-52326C606C50}.debug_shared|Win32.Build.0 = Debug|Win32
		{85E62264-EA58-4FD0-B075-52326C606C50}.debug_static_md|Win32.ActiveCfg = Debug|Win32
		{85E62264-EA58-4FD0-B075-52326C606C50}.debug_static_md|Win32.Build.0 = Debug|Win32
		{85E62264-EA58-4FD0-B075-52326C606C50}.debug_static_mt|Win32.ActiveCfg = Debug|Win32
		{85E62264-EA58-4FD0-B075-52326C606C50}.debug_static_mt|Win32.Build.0 = Debug|Win32
		{85E62264-EA58-4FD0-B075-52326C606C50}.Debug|Win32.ActiveCfg = Debug|Win32
		{85E62264-EA58-4FD0-B075-52326C606C50}.Debug|Win32.Build.0 = Debug|Win32
		{85E62264-EA58-4FD0-B075-52326C606C50}.release_shared|Win32.ActiveCfg = Release|Win32
		{85E62264-EA58-4FD0-B075-52326C606C50}.release_shared|Win32.Build.0 = Release|Win32
		{85E62264-EA58-4FD0-B075-52326C606C50}.release_static_md|Win32.ActiveCfg = Release|Win32
		{85E62264-EA58-4FD0-B075-52326C606C50}.release_static_md|Win32.Build.0 = Release|Win32
		{85E62264-EA58-4FD0-B075-52326C606C50}.release_static_mt|Win32.ActiveCfg = Release|Win32
		{85E62264-EA58-4FD0-B075-52326C606C50}.release_static_mt|Win32.Build.0 = Release|Win32
		{85E62264-EA58-4FD0-B075-52326C606C50}.Release|Win32.ActiveCfg = Release|Win32
		{85E62264-EA58-4FD0-B075-52326C606C50}.Release|Win32.Build.0 = Release|Win32
	EndGlobalSection
	GlobalSection(SolutionProperties) = preSolution
		HideSolutionNode = FALSE
	EndGlobalSection
EndGlobal
